
Microsoft Visual Studio Solution File, Format Version 12.00
# Visual Studio Version 16
VisualStudioVersion = 16.0.32106.194
MinimumVisualStudioVersion = 10.0.40219.1
Project("{FAE04EC0-301F-11D3-BF4B-00C04F79EFBC}") = "Quatro", "Quatro\Quatro.csproj", "{0159B9B4-A139-446D-A348-0B6AC7466F8A}"
EndProject
Global
	GlobalSection(SolutionConfigurationPlatforms) = preSolution
		Debug|Any CPU = Debug|Any CPU
		Release|Any CPU = Release|Any CPU
	EndGlobalSection
	GlobalSection(ProjectConfigurationPlatforms) = postSolution
		{0159B9B4-A139-446D-A348-0B6AC7466F8A}.Debug|Any CPU.ActiveCfg = Debug|Any CPU
		{0159B9B4-A139-446D-A348-0B6AC7466F8A}.Debug|Any CPU.Build.0 = Debug|Any CPU
		{0159B9B4-A139-446D-A348-0B6AC7466F8A}.Release|Any CPU.ActiveCfg = Release|Any CPU
		{0159B9B4-A139-446D-A348-0B6AC7466F8A}.Release|Any CPU.Build.0 = Release|Any CPU
	EndGlobalSection
	GlobalSection(SolutionProperties) = preSolution
		HideSolutionNode = FALSE
	EndGlobalSection
	GlobalSection(ExtensibilityGlobals) = postSolution
		SolutionGuid = {F594EABE-B693-45FB-B04B-4C0B1FADA1CA}
	EndGlobalSection
EndGlobal
